<Solution>
  <Folder Name="/src/">
    <Project Path="src/PlateIQ.Core/PlateIQ.Core.csproj" />
    <Project Path="src/PlateIQ.Infrastructure/PlateIQ.Infrastructure.csproj" />
    <Project Path="src/PlateIQ.WebAPI/PlateIQ.WebAPI.csproj" />
  </Folder>
  <Folder Name="/tests/">
    <Project Path="tests/PlateIQ.IntegrationTests/PlateIQ.IntegrationTests.csproj" />
    <Project Path="tests/PlateIQ.UnitTests/PlateIQ.UnitTests.csproj" />
  </Folder>
</Solution>
